<Solution>
  <Folder Name="/SolutionItems/">
    <File Path=".gitignore" />
    <File Path="Directory.Build.props" />
    <File Path="Directory.Packages.props" />
    <File Path="docker-compose.yml" />
    <File Path="README.md" />
    <File Path="sos-api.slnx.startup.json" />
  </Folder>
  <Folder Name="/src/" />
  <Folder Name="/src/ApiGateway/">
    <Project Path="src/ApiGateway/Sos.ApiGateway.csproj" />
  </Folder>
  <Folder Name="/src/Services/" />
  <Folder Name="/src/Services/Analytics/">
    <Project Path="src/Services/Analytics/Sos.Analytics.API/Sos.Analytics.API.csproj" />
    <Project Path="src/Services/Analytics/Sos.Analytics.Application/Sos.Analytics.Application.csproj" />
    <Project Path="src/Services/Analytics/Sos.Analytics.Domain/Sos.Analytics.Domain.csproj" />
    <Project Path="src/Services/Analytics/Sos.Analytics.Infrastructure/Sos.Analytics.Infrastructure.csproj" />
  </Folder>
  <Folder Name="/src/Services/Catalog/">
    <Project Path="src/Services/Catalog/Sos.Catalog.API/Sos.Catalog.API.csproj" />
    <Project Path="src/Services/Catalog/Sos.Catalog.Application/Sos.Catalog.Application.csproj" />
    <Project Path="src/Services/Catalog/Sos.Catalog.Domain/Sos.Catalog.Domain.csproj" />
    <Project Path="src/Services/Catalog/Sos.Catalog.Infrastructure/Sos.Catalog.Infrastructure.csproj" />
  </Folder>
  <Folder Name="/src/Services/Commerce/">
    <Project Path="src/Services/Commerce/Sos.Commerce.API/Sos.Commerce.API.csproj" />
    <Project Path="src/Services/Commerce/Sos.Commerce.Application/Sos.Commerce.Application.csproj" />
    <Project Path="src/Services/Commerce/Sos.Commerce.Domain/Sos.Commerce.Domain.csproj" />
    <Project Path="src/Services/Commerce/Sos.Commerce.Infrastructure/Sos.Commerce.Infrastructure.csproj" />
  </Folder>
  <Folder Name="/src/Services/Core/">
    <Project Path="src/Services/Core/Sos.Core.API/Sos.Core.API.csproj" />
    <Project Path="src/Services/Core/Sos.Core.Application/Sos.Core.Application.csproj" />
    <Project Path="src/Services/Core/Sos.Core.Domain/Sos.Core.Domain.csproj" />
    <Project Path="src/Services/Core/Sos.Core.Infrastructure/Sos.Core.Infrastructure.csproj" />
  </Folder>
  <Folder Name="/src/Shared/">
    <Project Path="src/Shared/Sos.Shared.Contracts/Sos.Shared.Contracts.csproj" />
    <Project Path="src/Shared/Sos.Shared.Infrastructure/Sos.Shared.Infrastructure.csproj" />
    <Project Path="src/Shared/Sos.Shared.Kernel/Sos.Shared.Kernel.csproj" />
  </Folder>
</Solution>
